
Microsoft Visual Studio Solution File, Format Version 12.00
# Visual Studio Version 16
VisualStudioVersion = 16.0.29519.181
MinimumVisualStudioVersion = 10.0.40219.1
Project("{FAE04EC0-301F-11D3-BF4B-00C04F79EFBC}") = "Youtube_dzen_teleport", "Youtube_dzen_teleport\Youtube_dzen_teleport.csproj", "{ABF04589-08CD-429B-B693-1F7A161995F2}"
EndProject
Global
	GlobalSection(SolutionConfigurationPlatforms) = preSolution
		Debug|Any CPU = Debug|Any CPU
		Release|Any CPU = Release|Any CPU
	EndGlobalSection
	GlobalSection(ProjectConfigurationPlatforms) = postSolution
		{ABF04589-08CD-429B-B693-1F7A161995F2}.Debug|Any CPU.ActiveCfg = Debug|Any CPU
		{ABF04589-08CD-429B-B693-1F7A161995F2}.Debug|Any CPU.Build.0 = Debug|Any CPU
		{ABF04589-08CD-429B-B693-1F7A161995F2}.Release|Any CPU.ActiveCfg = Release|Any CPU
		{ABF04589-08CD-429B-B693-1F7A161995F2}.Release|Any CPU.Build.0 = Release|Any CPU
	EndGlobalSection
	GlobalSection(SolutionProperties) = preSolution
		HideSolutionNode = FALSE
	EndGlobalSection
	GlobalSection(ExtensibilityGlobals) = postSolution
		SolutionGuid = {DDC4F847-6706-4B42-918B-87E46E4CBCA4}
	EndGlobalSection
EndGlobal
